
Microsoft Visual Studio Solution File, Format Version 12.00
# Visual Studio Version 17
VisualStudioVersion = 17.7.34024.191
MinimumVisualStudioVersion = 10.0.40219.1
Project("{FAE04EC0-301F-11D3-BF4B-00C04F79EFBC}") = "GitDemo", "GitDemo.csproj", "{F579E117-CBFF-4105-A6B5-56BEE9B6FBF5}"
EndProject
Global
	GlobalSection(SolutionConfigurationPlatforms) = preSolution
		Debug|Any CPU = Debug|Any CPU
		Release|Any CPU = Release|Any CPU
	EndGlobalSection
	GlobalSection(ProjectConfigurationPlatforms) = postSolution
		{F579E117-CBFF-4105-A6B5-56BEE9B6FBF5}.Debug|Any CPU.ActiveCfg = Debug|Any CPU
		{F579E117-CBFF-4105-A6B5-56BEE9B6FBF5}.Debug|Any CPU.Build.0 = Debug|Any CPU
		{F579E117-CBFF-4105-A6B5-56BEE9B6FBF5}.Release|Any CPU.ActiveCfg = Release|Any CPU
		{F579E117-CBFF-4105-A6B5-56BEE9B6FBF5}.Release|Any CPU.Build.0 = Release|Any CPU
	EndGlobalSection
	GlobalSection(SolutionProperties) = preSolution
		HideSolutionNode = FALSE
	EndGlobalSection
	GlobalSection(ExtensibilityGlobals) = postSolution
		SolutionGuid = {1D5D5427-EDF9-42BD-80E4-EF80A1FE08AC}
	EndGlobalSection
EndGlobal
